// !$*UTF8*$!
{
	archiveVersion = 1;
	classes = {
	};
	objectVersion = 50;
	objects = {

/* Begin PBXBuildFile section */
		215DA68824CC6FA00035603A /* ShotsViewController.swift in Sources */ = {isa = PBXBuildFile; fileRef = 215DA68624CC6FA00035603A /* ShotsViewController.swift */; };
		215DA68924CC6FA00035603A /* ShotsCell.swift in Sources */ = {isa = PBXBuildFile; fileRef = 215DA68724CC6FA00035603A /* ShotsCell.swift */; };
		215DA68B24CC6FA90035603A /* Shots.swift in Sources */ = {isa = PBXBuildFile; fileRef = 215DA68A24CC6FA90035603A /* Shots.swift */; };
		215DA68D24CC6FB00035603A /* Shots.storyboard in Resources */ = {isa = PBXBuildFile; fileRef = 215DA68C24CC6FB00035603A /* Shots.storyboard */; };
		215DA69024CC6FBD0035603A /* CategoryCell.swift in Sources */ = {isa = PBXBuildFile; fileRef = 215DA68E24CC6FBD0035603A /* CategoryCell.swift */; };
		215DA69124CC6FBD0035603A /* CategoryViewController.swift in Sources */ = {isa = PBXBuildFile; fileRef = 215DA68F24CC6FBD0035603A /* CategoryViewController.swift */; };
		215DA69324CC6FC70035603A /* Category.storyboard in Resources */ = {isa = PBXBuildFile; fileRef = 215DA69224CC6FC70035603A /* Category.storyboard */; };
		215DA69524CC6FCE0035603A /* Category.swift in Sources */ = {isa = PBXBuildFile; fileRef = 215DA69424CC6FCE0035603A /* Category.swift */; };
		217678AE24CCD91D004EC8B2 /* Main.storyboard in Resources */ = {isa = PBXBuildFile; fileRef = 217678AD24CCD91D004EC8B2 /* Main.storyboard */; };
		217678B524CF3B9A004EC8B2 /* ResultOverviewViewController.swift in Sources */ = {isa = PBXBuildFile; fileRef = 217678B324CF3B9A004EC8B2 /* ResultOverviewViewController.swift */; };
		217678B824CF4000004EC8B2 /* ResultOverview.storyboard in Resources */ = {isa = PBXBuildFile; fileRef = 217678B724CF4000004EC8B2 /* ResultOverview.storyboard */; };
		217678BA24CF41DD004EC8B2 /* ResultOverviewTableViewCell.swift in Sources */ = {isa = PBXBuildFile; fileRef = 217678B924CF41DD004EC8B2 /* ResultOverviewTableViewCell.swift */; };
		217678BC24CF43D8004EC8B2 /* MoveCategory.swift in Sources */ = {isa = PBXBuildFile; fileRef = 217678BB24CF43D8004EC8B2 /* MoveCategory.swift */; };
		21856BB024D95C1100E481A9 /* Result.swift in Sources */ = {isa = PBXBuildFile; fileRef = 21856BAF24D95C1100E481A9 /* Result.swift */; };
		2195697524D2FB1400116F59 /* Interface.storyboard in Resources */ = {isa = PBXBuildFile; fileRef = 2195697324D2FB1400116F59 /* Interface.storyboard */; };
		2195697724D2FB1400116F59 /* Assets.xcassets in Resources */ = {isa = PBXBuildFile; fileRef = 2195697624D2FB1400116F59 /* Assets.xcassets */; };
		2195697E24D2FB1400116F59 /* MC3-17-WatchApp Extension.appex in Embed App Extensions */ = {isa = PBXBuildFile; fileRef = 2195697D24D2FB1400116F59 /* MC3-17-WatchApp Extension.appex */; settings = {ATTRIBUTES = (RemoveHeadersOnCopy, ); }; };
		2195698324D2FB1400116F59 /* InterfaceController.swift in Sources */ = {isa = PBXBuildFile; fileRef = 2195698224D2FB1400116F59 /* InterfaceController.swift */; };
		2195698524D2FB1400116F59 /* ExtensionDelegate.swift in Sources */ = {isa = PBXBuildFile; fileRef = 2195698424D2FB1400116F59 /* ExtensionDelegate.swift */; };
		2195698724D2FB1500116F59 /* Assets.xcassets in Resources */ = {isa = PBXBuildFile; fileRef = 2195698624D2FB1500116F59 /* Assets.xcassets */; };
		2195698B24D2FB1500116F59 /* MC3-17-WatchApp.app in Embed Watch Content */ = {isa = PBXBuildFile; fileRef = 2195697124D2FB1400116F59 /* MC3-17-WatchApp.app */; settings = {ATTRIBUTES = (RemoveHeadersOnCopy, ); }; };
		2195699524D301D200116F59 /* Result.swift in Sources */ = {isa = PBXBuildFile; fileRef = 2195699424D301D200116F59 /* Result.swift */; };
		2195699724D3051500116F59 /* ResultInterfaceController.swift in Sources */ = {isa = PBXBuildFile; fileRef = 2195699624D3051500116F59 /* ResultInterfaceController.swift */; };
		21AA702E24C58CE600DA35F6 /* AppDelegate.swift in Sources */ = {isa = PBXBuildFile; fileRef = 21AA702D24C58CE600DA35F6 /* AppDelegate.swift */; };
		21AA703024C58CE600DA35F6 /* SceneDelegate.swift in Sources */ = {isa = PBXBuildFile; fileRef = 21AA702F24C58CE600DA35F6 /* SceneDelegate.swift */; };
		21AA703824C58CE600DA35F6 /* MC3_17.xcdatamodeld in Sources */ = {isa = PBXBuildFile; fileRef = 21AA703624C58CE600DA35F6 /* MC3_17.xcdatamodeld */; };
		21AA703A24C58CE800DA35F6 /* Assets.xcassets in Resources */ = {isa = PBXBuildFile; fileRef = 21AA703924C58CE800DA35F6 /* Assets.xcassets */; };
		21AA703D24C58CE800DA35F6 /* LaunchScreen.storyboard in Resources */ = {isa = PBXBuildFile; fileRef = 21AA703B24C58CE800DA35F6 /* LaunchScreen.storyboard */; };
		21AA704824C58CE800DA35F6 /* MC3_17Tests.swift in Sources */ = {isa = PBXBuildFile; fileRef = 21AA704724C58CE800DA35F6 /* MC3_17Tests.swift */; };
		21AA705324C58CE800DA35F6 /* MC3_17UITests.swift in Sources */ = {isa = PBXBuildFile; fileRef = 21AA705224C58CE800DA35F6 /* MC3_17UITests.swift */; };
		21B4E12824C5A04D00EAC15F /* Drill.swift in Sources */ = {isa = PBXBuildFile; fileRef = 21B4E12724C5A04D00EAC15F /* Drill.swift */; };
		21B4E13024C6054E00EAC15F /* PopUp.storyboard in Resources */ = {isa = PBXBuildFile; fileRef = 21B4E12F24C6054E00EAC15F /* PopUp.storyboard */; };
		21B4E13224C60FF100EAC15F /* PopUpViewController.swift in Sources */ = {isa = PBXBuildFile; fileRef = 21B4E13124C60FF100EAC15F /* PopUpViewController.swift */; };
		21B4E13624C6120C00EAC15F /* DrillViewController.swift in Sources */ = {isa = PBXBuildFile; fileRef = 21B4E13524C6120C00EAC15F /* DrillViewController.swift */; };
		21B4E13A24C6174E00EAC15F /* Drill.storyboard in Resources */ = {isa = PBXBuildFile; fileRef = 21B4E13924C6174E00EAC15F /* Drill.storyboard */; };
		21B4E13C24C618F800EAC15F /* Extentions.swift in Sources */ = {isa = PBXBuildFile; fileRef = 21B4E13B24C618F800EAC15F /* Extentions.swift */; };
		21B4E13F24C77AD500EAC15F /* DataModel.swift in Sources */ = {isa = PBXBuildFile; fileRef = 21B4E13E24C77AD500EAC15F /* DataModel.swift */; };
		21B4E14124C7818100EAC15F /* Constants.swift in Sources */ = {isa = PBXBuildFile; fileRef = 21B4E14024C7818100EAC15F /* Constants.swift */; };
		2524FF3624D6F7BB00B0E794 /* Onboarding.storyboard in Resources */ = {isa = PBXBuildFile; fileRef = 2524FF3524D6F7BB00B0E794 /* Onboarding.storyboard */; };
		2524FF3824D6F93300B0E794 /* PageControlViewController.swift in Sources */ = {isa = PBXBuildFile; fileRef = 2524FF3724D6F93300B0E794 /* PageControlViewController.swift */; };
		3D1EC43924D6630900250EFF /* HealthKit.framework in Frameworks */ = {isa = PBXBuildFile; fileRef = 3D1EC43824D6630900250EFF /* HealthKit.framework */; };
		3D1EC43C24D6636800250EFF /* HealthKit.framework in Frameworks */ = {isa = PBXBuildFile; fileRef = 3D1EC43B24D6636800250EFF /* HealthKit.framework */; };
		3D1EC43F24D66C1B00250EFF /* PermissionHelper.swift in Sources */ = {isa = PBXBuildFile; fileRef = 3D1EC43E24D66C1B00250EFF /* PermissionHelper.swift */; };
		3D9973C024D7EBA500020899 /* BadmintonActivityClassifier.mlmodel in Sources */ = {isa = PBXBuildFile; fileRef = 3D9973BF24D7EBA500020899 /* BadmintonActivityClassifier.mlmodel */; };
		A509A72624D950790084F8AE /* ExtentionsForVideo.swift in Sources */ = {isa = PBXBuildFile; fileRef = A509A72524D950790084F8AE /* ExtentionsForVideo.swift */; };
		A509A72B24D955870084F8AE /* ResultsVideo.swift in Sources */ = {isa = PBXBuildFile; fileRef = A509A72A24D955870084F8AE /* ResultsVideo.swift */; };
		A5E65F2E24CB60400048828A /* ResultsVideo.storyboard in Resources */ = {isa = PBXBuildFile; fileRef = A5E65F2D24CB60400048828A /* ResultsVideo.storyboard */; };
		A5E65F3024CB60640048828A /* ResultsNoVideo.storyboard in Resources */ = {isa = PBXBuildFile; fileRef = A5E65F2F24CB60640048828A /* ResultsNoVideo.storyboard */; };
		A5E65F3224CB606F0048828A /* Camera.storyboard in Resources */ = {isa = PBXBuildFile; fileRef = A5E65F3124CB606F0048828A /* Camera.storyboard */; };
		A5E65F3424CB60A40048828A /* ResultsNoVideoVC.swift in Sources */ = {isa = PBXBuildFile; fileRef = A5E65F3324CB60A40048828A /* ResultsNoVideoVC.swift */; };
		A5E65F3624CB60CD0048828A /* ResultsVideoVC.swift in Sources */ = {isa = PBXBuildFile; fileRef = A5E65F3524CB60CD0048828A /* ResultsVideoVC.swift */; };
		A5E65F3824CB60FB0048828A /* CameraVC.swift in Sources */ = {isa = PBXBuildFile; fileRef = A5E65F3724CB60FB0048828A /* CameraVC.swift */; };
		AD1A4BD124CF3F390023E012 /* InfoPage.storyboard in Resources */ = {isa = PBXBuildFile; fileRef = AD1A4BD024CF3F390023E012 /* InfoPage.storyboard */; };
		AD1A4BD324CF3F980023E012 /* DrillingPage.storyboard in Resources */ = {isa = PBXBuildFile; fileRef = AD1A4BD224CF3F980023E012 /* DrillingPage.storyboard */; };
		AD1A4BD524CF40170023E012 /* DrillingPageViewController.swift in Sources */ = {isa = PBXBuildFile; fileRef = AD1A4BD424CF40170023E012 /* DrillingPageViewController.swift */; };
		AD1A4BD724CF40240023E012 /* InfoPageViewController.swift in Sources */ = {isa = PBXBuildFile; fileRef = AD1A4BD624CF40240023E012 /* InfoPageViewController.swift */; };
/* End PBXBuildFile section */

/* Begin PBXContainerItemProxy section */
		2195697F24D2FB1400116F59 /* PBXContainerItemProxy */ = {
			isa = PBXContainerItemProxy;
			containerPortal = 21AA702224C58CE600DA35F6 /* Project object */;
			proxyType = 1;
			remoteGlobalIDString = 2195697C24D2FB1400116F59;
			remoteInfo = "MC3-17-WatchApp Extension";
		};
		2195698924D2FB1500116F59 /* PBXContainerItemProxy */ = {
			isa = PBXContainerItemProxy;
			containerPortal = 21AA702224C58CE600DA35F6 /* Project object */;
			proxyType = 1;
			remoteGlobalIDString = 2195697024D2FB1400116F59;
			remoteInfo = "MC3-17-WatchApp";
		};
		21AA704424C58CE800DA35F6 /* PBXContainerItemProxy */ = {
			isa = PBXContainerItemProxy;
			containerPortal = 21AA702224C58CE600DA35F6 /* Project object */;
			proxyType = 1;
			remoteGlobalIDString = 21AA702924C58CE600DA35F6;
			remoteInfo = "MC3-17";
		};
		21AA704F24C58CE800DA35F6 /* PBXContainerItemProxy */ = {
			isa = PBXContainerItemProxy;
			containerPortal = 21AA702224C58CE600DA35F6 /* Project object */;
			proxyType = 1;
			remoteGlobalIDString = 21AA702924C58CE600DA35F6;
			remoteInfo = "MC3-17";
		};
/* End PBXContainerItemProxy section */

/* Begin PBXCopyFilesBuildPhase section */
		2195698C24D2FB1500116F59 /* Embed Watch Content */ = {
			isa = PBXCopyFilesBuildPhase;
			buildActionMask = 2147483647;
			dstPath = "$(CONTENTS_FOLDER_PATH)/Watch";
			dstSubfolderSpec = 16;
			files = (
				2195698B24D2FB1500116F59 /* MC3-17-WatchApp.app in Embed Watch Content */,
			);
			name = "Embed Watch Content";
			runOnlyForDeploymentPostprocessing = 0;
		};
		2195698F24D2FB1500116F59 /* Embed App Extensions */ = {
			isa = PBXCopyFilesBuildPhase;
			buildActionMask = 2147483647;
			dstPath = "";
			dstSubfolderSpec = 13;
			files = (
				2195697E24D2FB1400116F59 /* MC3-17-WatchApp Extension.appex in Embed App Extensions */,
			);
			name = "Embed App Extensions";
			runOnlyForDeploymentPostprocessing = 0;
		};
/* End PBXCopyFilesBuildPhase section */

/* Begin PBXFileReference section */
		215DA68624CC6FA00035603A /* ShotsViewController.swift */ = {isa = PBXFileReference; fileEncoding = 4; lastKnownFileType = sourcecode.swift; path = ShotsViewController.swift; sourceTree = "<group>"; };
		215DA68724CC6FA00035603A /* ShotsCell.swift */ = {isa = PBXFileReference; fileEncoding = 4; lastKnownFileType = sourcecode.swift; path = ShotsCell.swift; sourceTree = "<group>"; };
		215DA68A24CC6FA90035603A /* Shots.swift */ = {isa = PBXFileReference; fileEncoding = 4; lastKnownFileType = sourcecode.swift; path = Shots.swift; sourceTree = "<group>"; };
		215DA68C24CC6FB00035603A /* Shots.storyboard */ = {isa = PBXFileReference; fileEncoding = 4; lastKnownFileType = file.storyboard; path = Shots.storyboard; sourceTree = "<group>"; };
		215DA68E24CC6FBD0035603A /* CategoryCell.swift */ = {isa = PBXFileReference; fileEncoding = 4; lastKnownFileType = sourcecode.swift; path = CategoryCell.swift; sourceTree = "<group>"; };
		215DA68F24CC6FBD0035603A /* CategoryViewController.swift */ = {isa = PBXFileReference; fileEncoding = 4; lastKnownFileType = sourcecode.swift; path = CategoryViewController.swift; sourceTree = "<group>"; };
		215DA69224CC6FC70035603A /* Category.storyboard */ = {isa = PBXFileReference; fileEncoding = 4; lastKnownFileType = file.storyboard; path = Category.storyboard; sourceTree = "<group>"; };
		215DA69424CC6FCE0035603A /* Category.swift */ = {isa = PBXFileReference; fileEncoding = 4; lastKnownFileType = sourcecode.swift; path = Category.swift; sourceTree = "<group>"; };
		217678AD24CCD91D004EC8B2 /* Main.storyboard */ = {isa = PBXFileReference; lastKnownFileType = file.storyboard; path = Main.storyboard; sourceTree = "<group>"; };
		217678B324CF3B9A004EC8B2 /* ResultOverviewViewController.swift */ = {isa = PBXFileReference; lastKnownFileType = sourcecode.swift; path = ResultOverviewViewController.swift; sourceTree = "<group>"; };
		217678B724CF4000004EC8B2 /* ResultOverview.storyboard */ = {isa = PBXFileReference; lastKnownFileType = file.storyboard; path = ResultOverview.storyboard; sourceTree = "<group>"; };
		217678B924CF41DD004EC8B2 /* ResultOverviewTableViewCell.swift */ = {isa = PBXFileReference; lastKnownFileType = sourcecode.swift; path = ResultOverviewTableViewCell.swift; sourceTree = "<group>"; };
		217678BB24CF43D8004EC8B2 /* MoveCategory.swift */ = {isa = PBXFileReference; lastKnownFileType = sourcecode.swift; path = MoveCategory.swift; sourceTree = "<group>"; };
		21856BAF24D95C1100E481A9 /* Result.swift */ = {isa = PBXFileReference; lastKnownFileType = sourcecode.swift; path = Result.swift; sourceTree = "<group>"; };
		2195697124D2FB1400116F59 /* MC3-17-WatchApp.app */ = {isa = PBXFileReference; explicitFileType = wrapper.application; includeInIndex = 0; path = "MC3-17-WatchApp.app"; sourceTree = BUILT_PRODUCTS_DIR; };
		2195697424D2FB1400116F59 /* Base */ = {isa = PBXFileReference; lastKnownFileType = file.storyboard; name = Base; path = Base.lproj/Interface.storyboard; sourceTree = "<group>"; };
		2195697624D2FB1400116F59 /* Assets.xcassets */ = {isa = PBXFileReference; lastKnownFileType = folder.assetcatalog; path = Assets.xcassets; sourceTree = "<group>"; };
		2195697824D2FB1400116F59 /* Info.plist */ = {isa = PBXFileReference; lastKnownFileType = text.plist.xml; path = Info.plist; sourceTree = "<group>"; };
		2195697D24D2FB1400116F59 /* MC3-17-WatchApp Extension.appex */ = {isa = PBXFileReference; explicitFileType = "wrapper.app-extension"; includeInIndex = 0; path = "MC3-17-WatchApp Extension.appex"; sourceTree = BUILT_PRODUCTS_DIR; };
		2195698224D2FB1400116F59 /* InterfaceController.swift */ = {isa = PBXFileReference; lastKnownFileType = sourcecode.swift; path = InterfaceController.swift; sourceTree = "<group>"; };
		2195698424D2FB1400116F59 /* ExtensionDelegate.swift */ = {isa = PBXFileReference; lastKnownFileType = sourcecode.swift; path = ExtensionDelegate.swift; sourceTree = "<group>"; };
		2195698624D2FB1500116F59 /* Assets.xcassets */ = {isa = PBXFileReference; lastKnownFileType = folder.assetcatalog; path = Assets.xcassets; sourceTree = "<group>"; };
		2195698824D2FB1500116F59 /* Info.plist */ = {isa = PBXFileReference; lastKnownFileType = text.plist.xml; path = Info.plist; sourceTree = "<group>"; };
		2195699424D301D200116F59 /* Result.swift */ = {isa = PBXFileReference; lastKnownFileType = sourcecode.swift; path = Result.swift; sourceTree = "<group>"; };
		2195699624D3051500116F59 /* ResultInterfaceController.swift */ = {isa = PBXFileReference; lastKnownFileType = sourcecode.swift; path = ResultInterfaceController.swift; sourceTree = "<group>"; };
		21AA702A24C58CE600DA35F6 /* MC3-17.app */ = {isa = PBXFileReference; explicitFileType = wrapper.application; includeInIndex = 0; path = "MC3-17.app"; sourceTree = BUILT_PRODUCTS_DIR; };
		21AA702D24C58CE600DA35F6 /* AppDelegate.swift */ = {isa = PBXFileReference; lastKnownFileType = sourcecode.swift; path = AppDelegate.swift; sourceTree = "<group>"; };
		21AA702F24C58CE600DA35F6 /* SceneDelegate.swift */ = {isa = PBXFileReference; lastKnownFileType = sourcecode.swift; path = SceneDelegate.swift; sourceTree = "<group>"; };
		21AA703724C58CE600DA35F6 /* MC3_17.xcdatamodel */ = {isa = PBXFileReference; lastKnownFileType = wrapper.xcdatamodel; path = MC3_17.xcdatamodel; sourceTree = "<group>"; };
		21AA703924C58CE800DA35F6 /* Assets.xcassets */ = {isa = PBXFileReference; lastKnownFileType = folder.assetcatalog; path = Assets.xcassets; sourceTree = "<group>"; };
		21AA703C24C58CE800DA35F6 /* Base */ = {isa = PBXFileReference; lastKnownFileType = file.storyboard; name = Base; path = Base.lproj/LaunchScreen.storyboard; sourceTree = "<group>"; };
		21AA703E24C58CE800DA35F6 /* Info.plist */ = {isa = PBXFileReference; lastKnownFileType = text.plist.xml; path = Info.plist; sourceTree = "<group>"; };
		21AA704324C58CE800DA35F6 /* MC3-17Tests.xctest */ = {isa = PBXFileReference; explicitFileType = wrapper.cfbundle; includeInIndex = 0; path = "MC3-17Tests.xctest"; sourceTree = BUILT_PRODUCTS_DIR; };
		21AA704724C58CE800DA35F6 /* MC3_17Tests.swift */ = {isa = PBXFileReference; lastKnownFileType = sourcecode.swift; path = MC3_17Tests.swift; sourceTree = "<group>"; };
		21AA704924C58CE800DA35F6 /* Info.plist */ = {isa = PBXFileReference; lastKnownFileType = text.plist.xml; path = Info.plist; sourceTree = "<group>"; };
		21AA704E24C58CE800DA35F6 /* MC3-17UITests.xctest */ = {isa = PBXFileReference; explicitFileType = wrapper.cfbundle; includeInIndex = 0; path = "MC3-17UITests.xctest"; sourceTree = BUILT_PRODUCTS_DIR; };
		21AA705224C58CE800DA35F6 /* MC3_17UITests.swift */ = {isa = PBXFileReference; lastKnownFileType = sourcecode.swift; path = MC3_17UITests.swift; sourceTree = "<group>"; };
		21AA705424C58CE800DA35F6 /* Info.plist */ = {isa = PBXFileReference; lastKnownFileType = text.plist.xml; path = Info.plist; sourceTree = "<group>"; };
		21B4E12724C5A04D00EAC15F /* Drill.swift */ = {isa = PBXFileReference; lastKnownFileType = sourcecode.swift; path = Drill.swift; sourceTree = "<group>"; };
		21B4E12F24C6054E00EAC15F /* PopUp.storyboard */ = {isa = PBXFileReference; lastKnownFileType = file.storyboard; path = PopUp.storyboard; sourceTree = "<group>"; };
		21B4E13124C60FF100EAC15F /* PopUpViewController.swift */ = {isa = PBXFileReference; lastKnownFileType = sourcecode.swift; path = PopUpViewController.swift; sourceTree = "<group>"; };
		21B4E13524C6120C00EAC15F /* DrillViewController.swift */ = {isa = PBXFileReference; lastKnownFileType = sourcecode.swift; path = DrillViewController.swift; sourceTree = "<group>"; };
		21B4E13924C6174E00EAC15F /* Drill.storyboard */ = {isa = PBXFileReference; fileEncoding = 4; lastKnownFileType = file.storyboard; path = Drill.storyboard; sourceTree = "<group>"; };
		21B4E13B24C618F800EAC15F /* Extentions.swift */ = {isa = PBXFileReference; lastKnownFileType = sourcecode.swift; path = Extentions.swift; sourceTree = "<group>"; };
		21B4E13E24C77AD500EAC15F /* DataModel.swift */ = {isa = PBXFileReference; lastKnownFileType = sourcecode.swift; path = DataModel.swift; sourceTree = "<group>"; };
		21B4E14024C7818100EAC15F /* Constants.swift */ = {isa = PBXFileReference; lastKnownFileType = sourcecode.swift; path = Constants.swift; sourceTree = "<group>"; };
		2524FF3524D6F7BB00B0E794 /* Onboarding.storyboard */ = {isa = PBXFileReference; lastKnownFileType = file.storyboard; path = Onboarding.storyboard; sourceTree = "<group>"; };
		2524FF3724D6F93300B0E794 /* PageControlViewController.swift */ = {isa = PBXFileReference; lastKnownFileType = sourcecode.swift; path = PageControlViewController.swift; sourceTree = "<group>"; };
		3D1EC43624D6630900250EFF /* MC3-17.entitlements */ = {isa = PBXFileReference; lastKnownFileType = text.plist.entitlements; path = "MC3-17.entitlements"; sourceTree = "<group>"; };
		3D1EC43824D6630900250EFF /* HealthKit.framework */ = {isa = PBXFileReference; lastKnownFileType = wrapper.framework; name = HealthKit.framework; path = System/Library/Frameworks/HealthKit.framework; sourceTree = SDKROOT; };
		3D1EC43A24D6636800250EFF /* MC3-17-WatchApp Extension.entitlements */ = {isa = PBXFileReference; lastKnownFileType = text.plist.entitlements; path = "MC3-17-WatchApp Extension.entitlements"; sourceTree = "<group>"; };
		3D1EC43B24D6636800250EFF /* HealthKit.framework */ = {isa = PBXFileReference; lastKnownFileType = wrapper.framework; name = HealthKit.framework; path = Platforms/WatchOS.platform/Developer/SDKs/WatchOS6.2.sdk/System/Library/Frameworks/HealthKit.framework; sourceTree = DEVELOPER_DIR; };
		3D1EC43E24D66C1B00250EFF /* PermissionHelper.swift */ = {isa = PBXFileReference; lastKnownFileType = sourcecode.swift; path = PermissionHelper.swift; sourceTree = "<group>"; };
		3D9973BF24D7EBA500020899 /* BadmintonActivityClassifier.mlmodel */ = {isa = PBXFileReference; lastKnownFileType = file.mlmodel; path = BadmintonActivityClassifier.mlmodel; sourceTree = "<group>"; };
		A509A72524D950790084F8AE /* ExtentionsForVideo.swift */ = {isa = PBXFileReference; lastKnownFileType = sourcecode.swift; path = ExtentionsForVideo.swift; sourceTree = "<group>"; };
		A509A72A24D955870084F8AE /* ResultsVideo.swift */ = {isa = PBXFileReference; lastKnownFileType = sourcecode.swift; path = ResultsVideo.swift; sourceTree = "<group>"; };
		A5E65F2D24CB60400048828A /* ResultsVideo.storyboard */ = {isa = PBXFileReference; lastKnownFileType = file.storyboard; path = ResultsVideo.storyboard; sourceTree = "<group>"; };
		A5E65F2F24CB60640048828A /* ResultsNoVideo.storyboard */ = {isa = PBXFileReference; lastKnownFileType = file.storyboard; path = ResultsNoVideo.storyboard; sourceTree = "<group>"; };
		A5E65F3124CB606F0048828A /* Camera.storyboard */ = {isa = PBXFileReference; lastKnownFileType = file.storyboard; path = Camera.storyboard; sourceTree = "<group>"; };
		A5E65F3324CB60A40048828A /* ResultsNoVideoVC.swift */ = {isa = PBXFileReference; lastKnownFileType = sourcecode.swift; path = ResultsNoVideoVC.swift; sourceTree = "<group>"; };
		A5E65F3524CB60CD0048828A /* ResultsVideoVC.swift */ = {isa = PBXFileReference; lastKnownFileType = sourcecode.swift; path = ResultsVideoVC.swift; sourceTree = "<group>"; };
		A5E65F3724CB60FB0048828A /* CameraVC.swift */ = {isa = PBXFileReference; lastKnownFileType = sourcecode.swift; path = CameraVC.swift; sourceTree = "<group>"; };
		AD1A4BD024CF3F390023E012 /* InfoPage.storyboard */ = {isa = PBXFileReference; lastKnownFileType = file.storyboard; path = InfoPage.storyboard; sourceTree = "<group>"; };
		AD1A4BD224CF3F980023E012 /* DrillingPage.storyboard */ = {isa = PBXFileReference; lastKnownFileType = file.storyboard; path = DrillingPage.storyboard; sourceTree = "<group>"; };
		AD1A4BD424CF40170023E012 /* DrillingPageViewController.swift */ = {isa = PBXFileReference; lastKnownFileType = sourcecode.swift; path = DrillingPageViewController.swift; sourceTree = "<group>"; };
		AD1A4BD624CF40240023E012 /* InfoPageViewController.swift */ = {isa = PBXFileReference; lastKnownFileType = sourcecode.swift; path = InfoPageViewController.swift; sourceTree = "<group>"; };
/* End PBXFileReference section */

/* Begin PBXFrameworksBuildPhase section */
		2195697A24D2FB1400116F59 /* Frameworks */ = {
			isa = PBXFrameworksBuildPhase;
			buildActionMask = 2147483647;
			files = (
				3D1EC43C24D6636800250EFF /* HealthKit.framework in Frameworks */,
			);
			runOnlyForDeploymentPostprocessing = 0;
		};
		21AA702724C58CE600DA35F6 /* Frameworks */ = {
			isa = PBXFrameworksBuildPhase;
			buildActionMask = 2147483647;
			files = (
				3D1EC43924D6630900250EFF /* HealthKit.framework in Frameworks */,
			);
			runOnlyForDeploymentPostprocessing = 0;
		};
		21AA704024C58CE800DA35F6 /* Frameworks */ = {
			isa = PBXFrameworksBuildPhase;
			buildActionMask = 2147483647;
			files = (
			);
			runOnlyForDeploymentPostprocessing = 0;
		};
		21AA704B24C58CE800DA35F6 /* Frameworks */ = {
			isa = PBXFrameworksBuildPhase;
			buildActionMask = 2147483647;
			files = (
			);
			runOnlyForDeploymentPostprocessing = 0;
		};
/* End PBXFrameworksBuildPhase section */

/* Begin PBXGroup section */
		215DA67E24CC6F4E0035603A /* Shot Page */ = {
			isa = PBXGroup;
			children = (
				215DA68124CC6F710035603A /* Controller */,
				215DA68024CC6F6D0035603A /* View */,
				215DA67F24CC6F630035603A /* Model */,
			);
			path = "Shot Page";
			sourceTree = "<group>";
		};
		215DA67F24CC6F630035603A /* Model */ = {
			isa = PBXGroup;
			children = (
				215DA68A24CC6FA90035603A /* Shots.swift */,
			);
			path = Model;
			sourceTree = "<group>";
		};
		215DA68024CC6F6D0035603A /* View */ = {
			isa = PBXGroup;
			children = (
				215DA68C24CC6FB00035603A /* Shots.storyboard */,
			);
			path = View;
			sourceTree = "<group>";
		};
		215DA68124CC6F710035603A /* Controller */ = {
			isa = PBXGroup;
			children = (
				215DA68724CC6FA00035603A /* ShotsCell.swift */,
				215DA68624CC6FA00035603A /* ShotsViewController.swift */,
			);
			path = Controller;
			sourceTree = "<group>";
		};
		215DA68224CC6F760035603A /* Category Page */ = {
			isa = PBXGroup;
			children = (
				215DA68524CC6F890035603A /* Controller */,
				215DA68424CC6F850035603A /* View */,
				215DA68324CC6F800035603A /* Model */,
			);
			path = "Category Page";
			sourceTree = "<group>";
		};
		215DA68324CC6F800035603A /* Model */ = {
			isa = PBXGroup;
			children = (
				215DA69424CC6FCE0035603A /* Category.swift */,
			);
			path = Model;
			sourceTree = "<group>";
		};
		215DA68424CC6F850035603A /* View */ = {
			isa = PBXGroup;
			children = (
				215DA69224CC6FC70035603A /* Category.storyboard */,
			);
			path = View;
			sourceTree = "<group>";
		};
		215DA68524CC6F890035603A /* Controller */ = {
			isa = PBXGroup;
			children = (
				215DA68E24CC6FBD0035603A /* CategoryCell.swift */,
				215DA68F24CC6FBD0035603A /* CategoryViewController.swift */,
			);
			path = Controller;
			sourceTree = "<group>";
		};
		217678AF24CEFF88004EC8B2 /* Results Overview Page */ = {
			isa = PBXGroup;
			children = (
				217678B224CEFFBD004EC8B2 /* Controller */,
				217678B124CEFFB9004EC8B2 /* View */,
				217678B024CEFFB4004EC8B2 /* Model */,
			);
			path = "Results Overview Page";
			sourceTree = "<group>";
		};
		217678B024CEFFB4004EC8B2 /* Model */ = {
			isa = PBXGroup;
			children = (
				217678BB24CF43D8004EC8B2 /* MoveCategory.swift */,
			);
			path = Model;
			sourceTree = "<group>";
		};
		217678B124CEFFB9004EC8B2 /* View */ = {
			isa = PBXGroup;
			children = (
				217678B724CF4000004EC8B2 /* ResultOverview.storyboard */,
			);
			path = View;
			sourceTree = "<group>";
		};
		217678B224CEFFBD004EC8B2 /* Controller */ = {
			isa = PBXGroup;
			children = (
				217678B324CF3B9A004EC8B2 /* ResultOverviewViewController.swift */,
				217678B924CF41DD004EC8B2 /* ResultOverviewTableViewCell.swift */,
			);
			path = Controller;
			sourceTree = "<group>";
		};
		2195697224D2FB1400116F59 /* MC3-17-WatchApp */ = {
			isa = PBXGroup;
			children = (
				2195697324D2FB1400116F59 /* Interface.storyboard */,
				2195697624D2FB1400116F59 /* Assets.xcassets */,
				2195697824D2FB1400116F59 /* Info.plist */,
			);
			path = "MC3-17-WatchApp";
			sourceTree = "<group>";
		};
		2195698124D2FB1400116F59 /* MC3-17-WatchApp Extension */ = {
			isa = PBXGroup;
			children = (
				3D1EC43A24D6636800250EFF /* MC3-17-WatchApp Extension.entitlements */,
				2195699424D301D200116F59 /* Result.swift */,
				2195698224D2FB1400116F59 /* InterfaceController.swift */,
				2195699624D3051500116F59 /* ResultInterfaceController.swift */,
				2195698424D2FB1400116F59 /* ExtensionDelegate.swift */,
				2195698624D2FB1500116F59 /* Assets.xcassets */,
				2195698824D2FB1500116F59 /* Info.plist */,
			);
			path = "MC3-17-WatchApp Extension";
			sourceTree = "<group>";
		};
		21AA702124C58CE600DA35F6 = {
			isa = PBXGroup;
			children = (
				21AA702C24C58CE600DA35F6 /* MC3-17 */,
				21AA704624C58CE800DA35F6 /* MC3-17Tests */,
				21AA705124C58CE800DA35F6 /* MC3-17UITests */,
				2195697224D2FB1400116F59 /* MC3-17-WatchApp */,
				2195698124D2FB1400116F59 /* MC3-17-WatchApp Extension */,
				21AA702B24C58CE600DA35F6 /* Products */,
				3D1EC43724D6630900250EFF /* Frameworks */,
			);
			sourceTree = "<group>";
		};
		21AA702B24C58CE600DA35F6 /* Products */ = {
			isa = PBXGroup;
			children = (
				21AA702A24C58CE600DA35F6 /* MC3-17.app */,
				21AA704324C58CE800DA35F6 /* MC3-17Tests.xctest */,
				21AA704E24C58CE800DA35F6 /* MC3-17UITests.xctest */,
				2195697124D2FB1400116F59 /* MC3-17-WatchApp.app */,
				2195697D24D2FB1400116F59 /* MC3-17-WatchApp Extension.appex */,
			);
			name = Products;
			sourceTree = "<group>";
		};
		21AA702C24C58CE600DA35F6 /* MC3-17 */ = {
			isa = PBXGroup;
			children = (
				3D1EC43624D6630900250EFF /* MC3-17.entitlements */,
				21AA702D24C58CE600DA35F6 /* AppDelegate.swift */,
				21AA702F24C58CE600DA35F6 /* SceneDelegate.swift */,
				21B4E13D24C7280300EAC15F /* Shared */,
				2524FF3224D6F75B00B0E794 /* Onboarding */,
				215DA68224CC6F760035603A /* Category Page */,
				215DA67E24CC6F4E0035603A /* Shot Page */,
				21B4E12324C5A01C00EAC15F /* Drill Page */,
				21B4E12B24C6050400EAC15F /* Pop-Up Page */,
				AD1A4BC824CF3EC00023E012 /* Info Page */,
				A5E65F2124CB5F7B0048828A /* Camera Page */,
				AD1A4BC924CF3EFC0023E012 /* Drilling Page */,
				A5E65F2324CB5F850048828A /* Results Video Page */,
				A5E65F2224CB5F800048828A /* Results No-Video Page */,
				217678AF24CEFF88004EC8B2 /* Results Overview Page */,
				3D1EC43D24D66BE500250EFF /* Helper */,
				217678AD24CCD91D004EC8B2 /* Main.storyboard */,
				21AA703924C58CE800DA35F6 /* Assets.xcassets */,
				3D9973BF24D7EBA500020899 /* BadmintonActivityClassifier.mlmodel */,
				21AA703B24C58CE800DA35F6 /* LaunchScreen.storyboard */,
				21AA703E24C58CE800DA35F6 /* Info.plist */,
				21AA703624C58CE600DA35F6 /* MC3_17.xcdatamodeld */,
			);
			path = "MC3-17";
			sourceTree = "<group>";
		};
		21AA704624C58CE800DA35F6 /* MC3-17Tests */ = {
			isa = PBXGroup;
			children = (
				21AA704724C58CE800DA35F6 /* MC3_17Tests.swift */,
				21AA704924C58CE800DA35F6 /* Info.plist */,
			);
			path = "MC3-17Tests";
			sourceTree = "<group>";
		};
		21AA705124C58CE800DA35F6 /* MC3-17UITests */ = {
			isa = PBXGroup;
			children = (
				21AA705224C58CE800DA35F6 /* MC3_17UITests.swift */,
				21AA705424C58CE800DA35F6 /* Info.plist */,
			);
			path = "MC3-17UITests";
			sourceTree = "<group>";
		};
		21B4E12324C5A01C00EAC15F /* Drill Page */ = {
			isa = PBXGroup;
			children = (
				21B4E12624C5A03700EAC15F /* Contoller */,
				21B4E12524C5A03300EAC15F /* View */,
				21B4E12424C5A02F00EAC15F /* Model */,
			);
			path = "Drill Page";
			sourceTree = "<group>";
		};
		21B4E12424C5A02F00EAC15F /* Model */ = {
			isa = PBXGroup;
			children = (
				21B4E12724C5A04D00EAC15F /* Drill.swift */,
			);
			path = Model;
			sourceTree = "<group>";
		};
		21B4E12524C5A03300EAC15F /* View */ = {
			isa = PBXGroup;
			children = (
				21B4E13924C6174E00EAC15F /* Drill.storyboard */,
			);
			path = View;
			sourceTree = "<group>";
		};
		21B4E12624C5A03700EAC15F /* Contoller */ = {
			isa = PBXGroup;
			children = (
				21B4E13524C6120C00EAC15F /* DrillViewController.swift */,
			);
			path = Contoller;
			sourceTree = "<group>";
		};
		21B4E12B24C6050400EAC15F /* Pop-Up Page */ = {
			isa = PBXGroup;
			children = (
				21B4E12E24C6053F00EAC15F /* Controller */,
				21B4E12D24C6053B00EAC15F /* View */,
				21B4E12C24C6052D00EAC15F /* Model */,
			);
			path = "Pop-Up Page";
			sourceTree = "<group>";
		};
		21B4E12C24C6052D00EAC15F /* Model */ = {
			isa = PBXGroup;
			children = (
			);
			path = Model;
			sourceTree = "<group>";
		};
		21B4E12D24C6053B00EAC15F /* View */ = {
			isa = PBXGroup;
			children = (
				21B4E12F24C6054E00EAC15F /* PopUp.storyboard */,
			);
			path = View;
			sourceTree = "<group>";
		};
		21B4E12E24C6053F00EAC15F /* Controller */ = {
			isa = PBXGroup;
			children = (
				21B4E13124C60FF100EAC15F /* PopUpViewController.swift */,
			);
			path = Controller;
			sourceTree = "<group>";
		};
		21B4E13D24C7280300EAC15F /* Shared */ = {
			isa = PBXGroup;
			children = (
				21B4E13B24C618F800EAC15F /* Extentions.swift */,
				21B4E13E24C77AD500EAC15F /* DataModel.swift */,
				21B4E14024C7818100EAC15F /* Constants.swift */,
				21856BAF24D95C1100E481A9 /* Result.swift */,
				A509A72524D950790084F8AE /* ExtentionsForVideo.swift */,
			);
			path = Shared;
			sourceTree = "<group>";
		};
		2524FF3224D6F75B00B0E794 /* Onboarding */ = {
			isa = PBXGroup;
			children = (
				2524FF3424D6F76F00B0E794 /* Controller */,
				2524FF3324D6F76500B0E794 /* View */,
			);
			path = Onboarding;
			sourceTree = "<group>";
		};
		2524FF3324D6F76500B0E794 /* View */ = {
			isa = PBXGroup;
			children = (
				2524FF3524D6F7BB00B0E794 /* Onboarding.storyboard */,
			);
			path = View;
			sourceTree = "<group>";
		};
		2524FF3424D6F76F00B0E794 /* Controller */ = {
			isa = PBXGroup;
			children = (
				2524FF3724D6F93300B0E794 /* PageControlViewController.swift */,
			);
			path = Controller;
			sourceTree = "<group>";
		};
		3D1EC43724D6630900250EFF /* Frameworks */ = {
			isa = PBXGroup;
			children = (
				3D1EC43B24D6636800250EFF /* HealthKit.framework */,
				3D1EC43824D6630900250EFF /* HealthKit.framework */,
			);
			name = Frameworks;
			sourceTree = "<group>";
		};
		3D1EC43D24D66BE500250EFF /* Helper */ = {
			isa = PBXGroup;
			children = (
				3D1EC43E24D66C1B00250EFF /* PermissionHelper.swift */,
			);
			path = Helper;
			sourceTree = "<group>";
		};
		A509A72924D955720084F8AE /* Model */ = {
			isa = PBXGroup;
			children = (
				A509A72A24D955870084F8AE /* ResultsVideo.swift */,
			);
			path = Model;
			sourceTree = "<group>";
		};
		A5E65F2124CB5F7B0048828A /* Camera Page */ = {
			isa = PBXGroup;
			children = (
				A5E65F2624CB5FF90048828A /* Controller */,
				A5E65F2524CB5FF30048828A /* View */,
				A5E65F2424CB5FED0048828A /* Model */,
			);
			path = "Camera Page";
			sourceTree = "<group>";
		};
		A5E65F2224CB5F800048828A /* Results No-Video Page */ = {
			isa = PBXGroup;
			children = (
				A5E65F2924CB60080048828A /* Controller */,
				A5E65F2824CB60040048828A /* View */,
				A5E65F2724CB5FFE0048828A /* Model */,
			);
			path = "Results No-Video Page";
			sourceTree = "<group>";
		};
		A5E65F2324CB5F850048828A /* Results Video Page */ = {
			isa = PBXGroup;
			children = (
				A509A72924D955720084F8AE /* Model */,
				A5E65F2C24CB60150048828A /* Controller */,
				A5E65F2B24CB60110048828A /* View */,
			);
			path = "Results Video Page";
			sourceTree = "<group>";
		};
		A5E65F2424CB5FED0048828A /* Model */ = {
			isa = PBXGroup;
			children = (
			);
			path = Model;
			sourceTree = "<group>";
		};
		A5E65F2524CB5FF30048828A /* View */ = {
			isa = PBXGroup;
			children = (
				A5E65F3124CB606F0048828A /* Camera.storyboard */,
			);
			path = View;
			sourceTree = "<group>";
		};
		A5E65F2624CB5FF90048828A /* Controller */ = {
			isa = PBXGroup;
			children = (
				A5E65F3724CB60FB0048828A /* CameraVC.swift */,
			);
			path = Controller;
			sourceTree = "<group>";
		};
		A5E65F2724CB5FFE0048828A /* Model */ = {
			isa = PBXGroup;
			children = (
			);
			path = Model;
			sourceTree = "<group>";
		};
		A5E65F2824CB60040048828A /* View */ = {
			isa = PBXGroup;
			children = (
				A5E65F2F24CB60640048828A /* ResultsNoVideo.storyboard */,
			);
			path = View;
			sourceTree = "<group>";
		};
		A5E65F2924CB60080048828A /* Controller */ = {
			isa = PBXGroup;
			children = (
				A5E65F3324CB60A40048828A /* ResultsNoVideoVC.swift */,
			);
			path = Controller;
			sourceTree = "<group>";
		};
		A5E65F2B24CB60110048828A /* View */ = {
			isa = PBXGroup;
			children = (
				A5E65F2D24CB60400048828A /* ResultsVideo.storyboard */,
			);
			path = View;
			sourceTree = "<group>";
		};
		A5E65F2C24CB60150048828A /* Controller */ = {
			isa = PBXGroup;
			children = (
				A5E65F3524CB60CD0048828A /* ResultsVideoVC.swift */,
			);
			path = Controller;
			sourceTree = "<group>";
		};
		AD1A4BC824CF3EC00023E012 /* Info Page */ = {
			isa = PBXGroup;
			children = (
				AD1A4BCC24CF3F160023E012 /* Model */,
				AD1A4BCB24CF3F100023E012 /* View */,
				AD1A4BCA24CF3F030023E012 /* Controller */,
			);
			path = "Info Page";
			sourceTree = "<group>";
		};
		AD1A4BC924CF3EFC0023E012 /* Drilling Page */ = {
			isa = PBXGroup;
			children = (
				AD1A4BCF24CF3F250023E012 /* Model */,
				AD1A4BCE24CF3F200023E012 /* View */,
				AD1A4BCD24CF3F1A0023E012 /* Controller */,
			);
			path = "Drilling Page";
			sourceTree = "<group>";
		};
		AD1A4BCA24CF3F030023E012 /* Controller */ = {
			isa = PBXGroup;
			children = (
				AD1A4BD624CF40240023E012 /* InfoPageViewController.swift */,
			);
			path = Controller;
			sourceTree = "<group>";
		};
		AD1A4BCB24CF3F100023E012 /* View */ = {
			isa = PBXGroup;
			children = (
				AD1A4BD024CF3F390023E012 /* InfoPage.storyboard */,
			);
			path = View;
			sourceTree = "<group>";
		};
		AD1A4BCC24CF3F160023E012 /* Model */ = {
			isa = PBXGroup;
			children = (
			);
			path = Model;
			sourceTree = "<group>";
		};
		AD1A4BCD24CF3F1A0023E012 /* Controller */ = {
			isa = PBXGroup;
			children = (
				AD1A4BD424CF40170023E012 /* DrillingPageViewController.swift */,
			);
			path = Controller;
			sourceTree = "<group>";
		};
		AD1A4BCE24CF3F200023E012 /* View */ = {
			isa = PBXGroup;
			children = (
				AD1A4BD224CF3F980023E012 /* DrillingPage.storyboard */,
			);
			path = View;
			sourceTree = "<group>";
		};
		AD1A4BCF24CF3F250023E012 /* Model */ = {
			isa = PBXGroup;
			children = (
			);
			path = Model;
			sourceTree = "<group>";
		};
/* End PBXGroup section */

/* Begin PBXNativeTarget section */
		2195697024D2FB1400116F59 /* MC3-17-WatchApp */ = {
			isa = PBXNativeTarget;
			buildConfigurationList = 2195699324D2FB1500116F59 /* Build configuration list for PBXNativeTarget "MC3-17-WatchApp" */;
			buildPhases = (
				2195696F24D2FB1400116F59 /* Resources */,
				2195698F24D2FB1500116F59 /* Embed App Extensions */,
			);
			buildRules = (
			);
			dependencies = (
				2195698024D2FB1400116F59 /* PBXTargetDependency */,
			);
			name = "MC3-17-WatchApp";
			productName = "MC3-17-WatchApp";
			productReference = 2195697124D2FB1400116F59 /* MC3-17-WatchApp.app */;
			productType = "com.apple.product-type.application.watchapp2";
		};
		2195697C24D2FB1400116F59 /* MC3-17-WatchApp Extension */ = {
			isa = PBXNativeTarget;
			buildConfigurationList = 2195699224D2FB1500116F59 /* Build configuration list for PBXNativeTarget "MC3-17-WatchApp Extension" */;
			buildPhases = (
				2195697924D2FB1400116F59 /* Sources */,
				2195697A24D2FB1400116F59 /* Frameworks */,
				2195697B24D2FB1400116F59 /* Resources */,
			);
			buildRules = (
			);
			dependencies = (
			);
			name = "MC3-17-WatchApp Extension";
			productName = "MC3-17-WatchApp Extension";
			productReference = 2195697D24D2FB1400116F59 /* MC3-17-WatchApp Extension.appex */;
			productType = "com.apple.product-type.watchkit2-extension";
		};
		21AA702924C58CE600DA35F6 /* MC3-17 */ = {
			isa = PBXNativeTarget;
			buildConfigurationList = 21AA705724C58CE800DA35F6 /* Build configuration list for PBXNativeTarget "MC3-17" */;
			buildPhases = (
				21AA702624C58CE600DA35F6 /* Sources */,
				21AA702724C58CE600DA35F6 /* Frameworks */,
				21AA702824C58CE600DA35F6 /* Resources */,
				2195698C24D2FB1500116F59 /* Embed Watch Content */,
			);
			buildRules = (
			);
			dependencies = (
				2195698A24D2FB1500116F59 /* PBXTargetDependency */,
			);
			name = "MC3-17";
			productName = "MC3-17";
			productReference = 21AA702A24C58CE600DA35F6 /* MC3-17.app */;
			productType = "com.apple.product-type.application";
		};
		21AA704224C58CE800DA35F6 /* MC3-17Tests */ = {
			isa = PBXNativeTarget;
			buildConfigurationList = 21AA705A24C58CE800DA35F6 /* Build configuration list for PBXNativeTarget "MC3-17Tests" */;
			buildPhases = (
				21AA703F24C58CE800DA35F6 /* Sources */,
				21AA704024C58CE800DA35F6 /* Frameworks */,
				21AA704124C58CE800DA35F6 /* Resources */,
			);
			buildRules = (
			);
			dependencies = (
				21AA704524C58CE800DA35F6 /* PBXTargetDependency */,
			);
			name = "MC3-17Tests";
			productName = "MC3-17Tests";
			productReference = 21AA704324C58CE800DA35F6 /* MC3-17Tests.xctest */;
			productType = "com.apple.product-type.bundle.unit-test";
		};
		21AA704D24C58CE800DA35F6 /* MC3-17UITests */ = {
			isa = PBXNativeTarget;
			buildConfigurationList = 21AA705D24C58CE800DA35F6 /* Build configuration list for PBXNativeTarget "MC3-17UITests" */;
			buildPhases = (
				21AA704A24C58CE800DA35F6 /* Sources */,
				21AA704B24C58CE800DA35F6 /* Frameworks */,
				21AA704C24C58CE800DA35F6 /* Resources */,
			);
			buildRules = (
			);
			dependencies = (
				21AA705024C58CE800DA35F6 /* PBXTargetDependency */,
			);
			name = "MC3-17UITests";
			productName = "MC3-17UITests";
			productReference = 21AA704E24C58CE800DA35F6 /* MC3-17UITests.xctest */;
			productType = "com.apple.product-type.bundle.ui-testing";
		};
/* End PBXNativeTarget section */

/* Begin PBXProject section */
		21AA702224C58CE600DA35F6 /* Project object */ = {
			isa = PBXProject;
			attributes = {
				LastSwiftUpdateCheck = 1160;
				LastUpgradeCheck = 1160;
				ORGANIZATIONNAME = "Sherwin Yang";
				TargetAttributes = {
					2195697024D2FB1400116F59 = {
						CreatedOnToolsVersion = 11.6;
					};
					2195697C24D2FB1400116F59 = {
						CreatedOnToolsVersion = 11.6;
					};
					21AA702924C58CE600DA35F6 = {
						CreatedOnToolsVersion = 11.6;
					};
					21AA704224C58CE800DA35F6 = {
						CreatedOnToolsVersion = 11.6;
						TestTargetID = 21AA702924C58CE600DA35F6;
					};
					21AA704D24C58CE800DA35F6 = {
						CreatedOnToolsVersion = 11.6;
						TestTargetID = 21AA702924C58CE600DA35F6;
					};
				};
			};
			buildConfigurationList = 21AA702524C58CE600DA35F6 /* Build configuration list for PBXProject "MC3-17" */;
			compatibilityVersion = "Xcode 9.3";
			developmentRegion = en;
			hasScannedForEncodings = 0;
			knownRegions = (
				en,
				Base,
			);
			mainGroup = 21AA702124C58CE600DA35F6;
			productRefGroup = 21AA702B24C58CE600DA35F6 /* Products */;
			projectDirPath = "";
			projectRoot = "";
			targets = (
				21AA702924C58CE600DA35F6 /* MC3-17 */,
				21AA704224C58CE800DA35F6 /* MC3-17Tests */,
				21AA704D24C58CE800DA35F6 /* MC3-17UITests */,
				2195697024D2FB1400116F59 /* MC3-17-WatchApp */,
				2195697C24D2FB1400116F59 /* MC3-17-WatchApp Extension */,
			);
		};
/* End PBXProject section */

/* Begin PBXResourcesBuildPhase section */
		2195696F24D2FB1400116F59 /* Resources */ = {
			isa = PBXResourcesBuildPhase;
			buildActionMask = 2147483647;
			files = (
				2195697724D2FB1400116F59 /* Assets.xcassets in Resources */,
				2195697524D2FB1400116F59 /* Interface.storyboard in Resources */,
			);
			runOnlyForDeploymentPostprocessing = 0;
		};
		2195697B24D2FB1400116F59 /* Resources */ = {
			isa = PBXResourcesBuildPhase;
			buildActionMask = 2147483647;
			files = (
				2195698724D2FB1500116F59 /* Assets.xcassets in Resources */,
			);
			runOnlyForDeploymentPostprocessing = 0;
		};
		21AA702824C58CE600DA35F6 /* Resources */ = {
			isa = PBXResourcesBuildPhase;
			buildActionMask = 2147483647;
			files = (
				AD1A4BD324CF3F980023E012 /* DrillingPage.storyboard in Resources */,
				21B4E13024C6054E00EAC15F /* PopUp.storyboard in Resources */,
				AD1A4BD124CF3F390023E012 /* InfoPage.storyboard in Resources */,
				A5E65F3024CB60640048828A /* ResultsNoVideo.storyboard in Resources */,
				217678B824CF4000004EC8B2 /* ResultOverview.storyboard in Resources */,
				215DA69324CC6FC70035603A /* Category.storyboard in Resources */,
				21B4E13A24C6174E00EAC15F /* Drill.storyboard in Resources */,
				A5E65F2E24CB60400048828A /* ResultsVideo.storyboard in Resources */,
				217678AE24CCD91D004EC8B2 /* Main.storyboard in Resources */,
				21AA703D24C58CE800DA35F6 /* LaunchScreen.storyboard in Resources */,
				21AA703A24C58CE800DA35F6 /* Assets.xcassets in Resources */,
				2524FF3624D6F7BB00B0E794 /* Onboarding.storyboard in Resources */,
				A5E65F3224CB606F0048828A /* Camera.storyboard in Resources */,
				215DA68D24CC6FB00035603A /* Shots.storyboard in Resources */,
			);
			runOnlyForDeploymentPostprocessing = 0;
		};
		21AA704124C58CE800DA35F6 /* Resources */ = {
			isa = PBXResourcesBuildPhase;
			buildActionMask = 2147483647;
			files = (
			);
			runOnlyForDeploymentPostprocessing = 0;
		};
		21AA704C24C58CE800DA35F6 /* Resources */ = {
			isa = PBXResourcesBuildPhase;
			buildActionMask = 2147483647;
			files = (
			);
			runOnlyForDeploymentPostprocessing = 0;
		};
/* End PBXResourcesBuildPhase section */

/* Begin PBXSourcesBuildPhase section */
		2195697924D2FB1400116F59 /* Sources */ = {
			isa = PBXSourcesBuildPhase;
			buildActionMask = 2147483647;
			files = (
				2195699524D301D200116F59 /* Result.swift in Sources */,
				2195698524D2FB1400116F59 /* ExtensionDelegate.swift in Sources */,
				2195699724D3051500116F59 /* ResultInterfaceController.swift in Sources */,
				2195698324D2FB1400116F59 /* InterfaceController.swift in Sources */,
			);
			runOnlyForDeploymentPostprocessing = 0;
		};
		21AA702624C58CE600DA35F6 /* Sources */ = {
			isa = PBXSourcesBuildPhase;
			buildActionMask = 2147483647;
			files = (
				A5E65F3424CB60A40048828A /* ResultsNoVideoVC.swift in Sources */,
				A5E65F3824CB60FB0048828A /* CameraVC.swift in Sources */,
				215DA69124CC6FBD0035603A /* CategoryViewController.swift in Sources */,
				217678BA24CF41DD004EC8B2 /* ResultOverviewTableViewCell.swift in Sources */,
				A5E65F3624CB60CD0048828A /* ResultsVideoVC.swift in Sources */,
				3D9973C024D7EBA500020899 /* BadmintonActivityClassifier.mlmodel in Sources */,
				217678B524CF3B9A004EC8B2 /* ResultOverviewViewController.swift in Sources */,
				AD1A4BD724CF40240023E012 /* InfoPageViewController.swift in Sources */,
				A5E65F3624CB60CD0048828A /* ResultsVideoVC.swift in Sources */,
				AD1A4BD524CF40170023E012 /* DrillingPageViewController.swift in Sources */,
				A509A72624D950790084F8AE /* ExtentionsForVideo.swift in Sources */,
				21B4E13624C6120C00EAC15F /* DrillViewController.swift in Sources */,
				215DA69524CC6FCE0035603A /* Category.swift in Sources */,
				21B4E13224C60FF100EAC15F /* PopUpViewController.swift in Sources */,
				215DA68924CC6FA00035603A /* ShotsCell.swift in Sources */,
				217678BC24CF43D8004EC8B2 /* MoveCategory.swift in Sources */,
				21B4E13C24C618F800EAC15F /* Extentions.swift in Sources */,
				21AA703824C58CE600DA35F6 /* MC3_17.xcdatamodeld in Sources */,
				21AA702E24C58CE600DA35F6 /* AppDelegate.swift in Sources */,
				21856BB024D95C1100E481A9 /* Result.swift in Sources */,
				21B4E13F24C77AD500EAC15F /* DataModel.swift in Sources */,
				215DA68B24CC6FA90035603A /* Shots.swift in Sources */,
				3D1EC43F24D66C1B00250EFF /* PermissionHelper.swift in Sources */,
				215DA69024CC6FBD0035603A /* CategoryCell.swift in Sources */,
				21AA703024C58CE600DA35F6 /* SceneDelegate.swift in Sources */,
				215DA68824CC6FA00035603A /* ShotsViewController.swift in Sources */,
				A509A72B24D955870084F8AE /* ResultsVideo.swift in Sources */,
				2524FF3824D6F93300B0E794 /* PageControlViewController.swift in Sources */,
				21B4E12824C5A04D00EAC15F /* Drill.swift in Sources */,
				21B4E14124C7818100EAC15F /* Constants.swift in Sources */,
			);
			runOnlyForDeploymentPostprocessing = 0;
		};
		21AA703F24C58CE800DA35F6 /* Sources */ = {
			isa = PBXSourcesBuildPhase;
			buildActionMask = 2147483647;
			files = (
				21AA704824C58CE800DA35F6 /* MC3_17Tests.swift in Sources */,
			);
			runOnlyForDeploymentPostprocessing = 0;
		};
		21AA704A24C58CE800DA35F6 /* Sources */ = {
			isa = PBXSourcesBuildPhase;
			buildActionMask = 2147483647;
			files = (
				21AA705324C58CE800DA35F6 /* MC3_17UITests.swift in Sources */,
			);
			runOnlyForDeploymentPostprocessing = 0;
		};
/* End PBXSourcesBuildPhase section */

/* Begin PBXTargetDependency section */
		2195698024D2FB1400116F59 /* PBXTargetDependency */ = {
			isa = PBXTargetDependency;
			target = 2195697C24D2FB1400116F59 /* MC3-17-WatchApp Extension */;
			targetProxy = 2195697F24D2FB1400116F59 /* PBXContainerItemProxy */;
		};
		2195698A24D2FB1500116F59 /* PBXTargetDependency */ = {
			isa = PBXTargetDependency;
			target = 2195697024D2FB1400116F59 /* MC3-17-WatchApp */;
			targetProxy = 2195698924D2FB1500116F59 /* PBXContainerItemProxy */;
		};
		21AA704524C58CE800DA35F6 /* PBXTargetDependency */ = {
			isa = PBXTargetDependency;
			target = 21AA702924C58CE600DA35F6 /* MC3-17 */;
			targetProxy = 21AA704424C58CE800DA35F6 /* PBXContainerItemProxy */;
		};
		21AA705024C58CE800DA35F6 /* PBXTargetDependency */ = {
			isa = PBXTargetDependency;
			target = 21AA702924C58CE600DA35F6 /* MC3-17 */;
			targetProxy = 21AA704F24C58CE800DA35F6 /* PBXContainerItemProxy */;
		};
/* End PBXTargetDependency section */

/* Begin PBXVariantGroup section */
		2195697324D2FB1400116F59 /* Interface.storyboard */ = {
			isa = PBXVariantGroup;
			children = (
				2195697424D2FB1400116F59 /* Base */,
			);
			name = Interface.storyboard;
			sourceTree = "<group>";
		};
		21AA703B24C58CE800DA35F6 /* LaunchScreen.storyboard */ = {
			isa = PBXVariantGroup;
			children = (
				21AA703C24C58CE800DA35F6 /* Base */,
			);
			name = LaunchScreen.storyboard;
			sourceTree = "<group>";
		};
/* End PBXVariantGroup section */

/* Begin XCBuildConfiguration section */
		2195698D24D2FB1500116F59 /* Debug */ = {
			isa = XCBuildConfiguration;
			buildSettings = {
				ALWAYS_EMBED_SWIFT_STANDARD_LIBRARIES = YES;
				ASSETCATALOG_COMPILER_APPICON_NAME = AppIcon;
				CODE_SIGN_STYLE = Automatic;
				DEVELOPMENT_TEAM = WFP7XFVDQT;
				IBSC_MODULE = MC3_17_WatchApp_Extension;
				INFOPLIST_FILE = "MC3-17-WatchApp/Info.plist";
				PRODUCT_BUNDLE_IDENTIFIER = "com.rifaldi.MC3-17.watchkitapp";
				PRODUCT_NAME = "$(TARGET_NAME)";
				SDKROOT = watchos;
				SKIP_INSTALL = YES;
				SWIFT_VERSION = 5.0;
				TARGETED_DEVICE_FAMILY = 4;
				WATCHOS_DEPLOYMENT_TARGET = 6.2;
			};
			name = Debug;
		};
		2195698E24D2FB1500116F59 /* Release */ = {
			isa = XCBuildConfiguration;
			buildSettings = {
				ALWAYS_EMBED_SWIFT_STANDARD_LIBRARIES = YES;
				ASSETCATALOG_COMPILER_APPICON_NAME = AppIcon;
				CODE_SIGN_STYLE = Automatic;
				DEVELOPMENT_TEAM = WFP7XFVDQT;
				IBSC_MODULE = MC3_17_WatchApp_Extension;
				INFOPLIST_FILE = "MC3-17-WatchApp/Info.plist";
				PRODUCT_BUNDLE_IDENTIFIER = "com.rifaldi.MC3-17.watchkitapp";
				PRODUCT_NAME = "$(TARGET_NAME)";
				SDKROOT = watchos;
				SKIP_INSTALL = YES;
				SWIFT_VERSION = 5.0;
				TARGETED_DEVICE_FAMILY = 4;
				WATCHOS_DEPLOYMENT_TARGET = 6.2;
			};
			name = Release;
		};
		2195699024D2FB1500116F59 /* Debug */ = {
			isa = XCBuildConfiguration;
			buildSettings = {
				ASSETCATALOG_COMPILER_COMPLICATION_NAME = Complication;
				CODE_SIGN_ENTITLEMENTS = "MC3-17-WatchApp Extension/MC3-17-WatchApp Extension.entitlements";
				CODE_SIGN_STYLE = Automatic;
				DEVELOPMENT_TEAM = WFP7XFVDQT;
				INFOPLIST_FILE = "MC3-17-WatchApp Extension/Info.plist";
				LD_RUNPATH_SEARCH_PATHS = (
					"$(inherited)",
					"@executable_path/Frameworks",
					"@executable_path/../../Frameworks",
				);
				PRODUCT_BUNDLE_IDENTIFIER = "com.rifaldi.MC3-17.watchkitapp.watchkitextension";
				PRODUCT_NAME = "${TARGET_NAME}";
				SDKROOT = watchos;
				SKIP_INSTALL = YES;
				SWIFT_VERSION = 5.0;
				TARGETED_DEVICE_FAMILY = 4;
				WATCHOS_DEPLOYMENT_TARGET = 6.2;
			};
			name = Debug;
		};
		2195699124D2FB1500116F59 /* Release */ = {
			isa = XCBuildConfiguration;
			buildSettings = {
				ASSETCATALOG_COMPILER_COMPLICATION_NAME = Complication;
				CODE_SIGN_ENTITLEMENTS = "MC3-17-WatchApp Extension/MC3-17-WatchApp Extension.entitlements";
				CODE_SIGN_STYLE = Automatic;
				DEVELOPMENT_TEAM = WFP7XFVDQT;
				INFOPLIST_FILE = "MC3-17-WatchApp Extension/Info.plist";
				LD_RUNPATH_SEARCH_PATHS = (
					"$(inherited)",
					"@executable_path/Frameworks",
					"@executable_path/../../Frameworks",
				);
				PRODUCT_BUNDLE_IDENTIFIER = "com.rifaldi.MC3-17.watchkitapp.watchkitextension";
				PRODUCT_NAME = "${TARGET_NAME}";
				SDKROOT = watchos;
				SKIP_INSTALL = YES;
				SWIFT_VERSION = 5.0;
				TARGETED_DEVICE_FAMILY = 4;
				WATCHOS_DEPLOYMENT_TARGET = 6.2;
			};
			name = Release;
		};
		21AA705524C58CE800DA35F6 /* Debug */ = {
			isa = XCBuildConfiguration;
			buildSettings = {
				ALWAYS_SEARCH_USER_PATHS = NO;
				CLANG_ANALYZER_NONNULL = YES;
				CLANG_ANALYZER_NUMBER_OBJECT_CONVERSION = YES_AGGRESSIVE;
				CLANG_CXX_LANGUAGE_STANDARD = "gnu++14";
				CLANG_CXX_LIBRARY = "libc++";
				CLANG_ENABLE_MODULES = YES;
				CLANG_ENABLE_OBJC_ARC = YES;
				CLANG_ENABLE_OBJC_WEAK = YES;
				CLANG_WARN_BLOCK_CAPTURE_AUTORELEASING = YES;
				CLANG_WARN_BOOL_CONVERSION = YES;
				CLANG_WARN_COMMA = YES;
				CLANG_WARN_CONSTANT_CONVERSION = YES;
				CLANG_WARN_DEPRECATED_OBJC_IMPLEMENTATIONS = YES;
				CLANG_WARN_DIRECT_OBJC_ISA_USAGE = YES_ERROR;
				CLANG_WARN_DOCUMENTATION_COMMENTS = YES;
				CLANG_WARN_EMPTY_BODY = YES;
				CLANG_WARN_ENUM_CONVERSION = YES;
				CLANG_WARN_INFINITE_RECURSION = YES;
				CLANG_WARN_INT_CONVERSION = YES;
				CLANG_WARN_NON_LITERAL_NULL_CONVERSION = YES;
				CLANG_WARN_OBJC_IMPLICIT_RETAIN_SELF = YES;
				CLANG_WARN_OBJC_LITERAL_CONVERSION = YES;
				CLANG_WARN_OBJC_ROOT_CLASS = YES_ERROR;
				CLANG_WARN_RANGE_LOOP_ANALYSIS = YES;
				CLANG_WARN_STRICT_PROTOTYPES = YES;
				CLANG_WARN_SUSPICIOUS_MOVE = YES;
				CLANG_WARN_UNGUARDED_AVAILABILITY = YES_AGGRESSIVE;
				CLANG_WARN_UNREACHABLE_CODE = YES;
				CLANG_WARN__DUPLICATE_METHOD_MATCH = YES;
				COPY_PHASE_STRIP = NO;
				DEBUG_INFORMATION_FORMAT = dwarf;
				ENABLE_STRICT_OBJC_MSGSEND = YES;
				ENABLE_TESTABILITY = YES;
				GCC_C_LANGUAGE_STANDARD = gnu11;
				GCC_DYNAMIC_NO_PIC = NO;
				GCC_NO_COMMON_BLOCKS = YES;
				GCC_OPTIMIZATION_LEVEL = 0;
				GCC_PREPROCESSOR_DEFINITIONS = (
					"DEBUG=1",
					"$(inherited)",
				);
				GCC_WARN_64_TO_32_BIT_CONVERSION = YES;
				GCC_WARN_ABOUT_RETURN_TYPE = YES_ERROR;
				GCC_WARN_UNDECLARED_SELECTOR = YES;
				GCC_WARN_UNINITIALIZED_AUTOS = YES_AGGRESSIVE;
				GCC_WARN_UNUSED_FUNCTION = YES;
				GCC_WARN_UNUSED_VARIABLE = YES;
				IPHONEOS_DEPLOYMENT_TARGET = 13.5;
				MTL_ENABLE_DEBUG_INFO = INCLUDE_SOURCE;
				MTL_FAST_MATH = YES;
				ONLY_ACTIVE_ARCH = YES;
				SDKROOT = iphoneos;
				SWIFT_ACTIVE_COMPILATION_CONDITIONS = DEBUG;
				SWIFT_OPTIMIZATION_LEVEL = "-Onone";
			};
			name = Debug;
		};
		21AA705624C58CE800DA35F6 /* Release */ = {
			isa = XCBuildConfiguration;
			buildSettings = {
				ALWAYS_SEARCH_USER_PATHS = NO;
				CLANG_ANALYZER_NONNULL = YES;
				CLANG_ANALYZER_NUMBER_OBJECT_CONVERSION = YES_AGGRESSIVE;
				CLANG_CXX_LANGUAGE_STANDARD = "gnu++14";
				CLANG_CXX_LIBRARY = "libc++";
				CLANG_ENABLE_MODULES = YES;
				CLANG_ENABLE_OBJC_ARC = YES;
				CLANG_ENABLE_OBJC_WEAK = YES;
				CLANG_WARN_BLOCK_CAPTURE_AUTORELEASING = YES;
				CLANG_WARN_BOOL_CONVERSION = YES;
				CLANG_WARN_COMMA = YES;
				CLANG_WARN_CONSTANT_CONVERSION = YES;
				CLANG_WARN_DEPRECATED_OBJC_IMPLEMENTATIONS = YES;
				CLANG_WARN_DIRECT_OBJC_ISA_USAGE = YES_ERROR;
				CLANG_WARN_DOCUMENTATION_COMMENTS = YES;
				CLANG_WARN_EMPTY_BODY = YES;
				CLANG_WARN_ENUM_CONVERSION = YES;
				CLANG_WARN_INFINITE_RECURSION = YES;
				CLANG_WARN_INT_CONVERSION = YES;
				CLANG_WARN_NON_LITERAL_NULL_CONVERSION = YES;
				CLANG_WARN_OBJC_IMPLICIT_RETAIN_SELF = YES;
				CLANG_WARN_OBJC_LITERAL_CONVERSION = YES;
				CLANG_WARN_OBJC_ROOT_CLASS = YES_ERROR;
				CLANG_WARN_RANGE_LOOP_ANALYSIS = YES;
				CLANG_WARN_STRICT_PROTOTYPES = YES;
				CLANG_WARN_SUSPICIOUS_MOVE = YES;
				CLANG_WARN_UNGUARDED_AVAILABILITY = YES_AGGRESSIVE;
				CLANG_WARN_UNREACHABLE_CODE = YES;
				CLANG_WARN__DUPLICATE_METHOD_MATCH = YES;
				COPY_PHASE_STRIP = NO;
				DEBUG_INFORMATION_FORMAT = "dwarf-with-dsym";
				ENABLE_NS_ASSERTIONS = NO;
				ENABLE_STRICT_OBJC_MSGSEND = YES;
				GCC_C_LANGUAGE_STANDARD = gnu11;
				GCC_NO_COMMON_BLOCKS = YES;
				GCC_WARN_64_TO_32_BIT_CONVERSION = YES;
				GCC_WARN_ABOUT_RETURN_TYPE = YES_ERROR;
				GCC_WARN_UNDECLARED_SELECTOR = YES;
				GCC_WARN_UNINITIALIZED_AUTOS = YES_AGGRESSIVE;
				GCC_WARN_UNUSED_FUNCTION = YES;
				GCC_WARN_UNUSED_VARIABLE = YES;
				IPHONEOS_DEPLOYMENT_TARGET = 13.5;
				MTL_ENABLE_DEBUG_INFO = NO;
				MTL_FAST_MATH = YES;
				SDKROOT = iphoneos;
				SWIFT_COMPILATION_MODE = wholemodule;
				SWIFT_OPTIMIZATION_LEVEL = "-O";
				VALIDATE_PRODUCT = YES;
			};
			name = Release;
		};
		21AA705824C58CE800DA35F6 /* Debug */ = {
			isa = XCBuildConfiguration;
			buildSettings = {
				ASSETCATALOG_COMPILER_APPICON_NAME = AppIcon;
				CODE_SIGN_ENTITLEMENTS = "MC3-17/MC3-17.entitlements";
				CODE_SIGN_STYLE = Automatic;
				DEVELOPMENT_TEAM = WFP7XFVDQT;
				INFOPLIST_FILE = "MC3-17/Info.plist";
				LD_RUNPATH_SEARCH_PATHS = (
					"$(inherited)",
					"@executable_path/Frameworks",
				);
				PRODUCT_BUNDLE_IDENTIFIER = "com.rifaldi.MC3-17";
				PRODUCT_NAME = "$(TARGET_NAME)";
				SWIFT_VERSION = 5.0;
				TARGETED_DEVICE_FAMILY = "1,2";
			};
			name = Debug;
		};
		21AA705924C58CE800DA35F6 /* Release */ = {
			isa = XCBuildConfiguration;
			buildSettings = {
				ASSETCATALOG_COMPILER_APPICON_NAME = AppIcon;
				CODE_SIGN_ENTITLEMENTS = "MC3-17/MC3-17.entitlements";
				CODE_SIGN_STYLE = Automatic;
				DEVELOPMENT_TEAM = WFP7XFVDQT;
				INFOPLIST_FILE = "MC3-17/Info.plist";
				LD_RUNPATH_SEARCH_PATHS = (
					"$(inherited)",
					"@executable_path/Frameworks",
				);
				PRODUCT_BUNDLE_IDENTIFIER = "com.rifaldi.MC3-17";
				PRODUCT_NAME = "$(TARGET_NAME)";
				SWIFT_VERSION = 5.0;
				TARGETED_DEVICE_FAMILY = "1,2";
			};
			name = Release;
		};
		21AA705B24C58CE800DA35F6 /* Debug */ = {
			isa = XCBuildConfiguration;
			buildSettings = {
				ALWAYS_EMBED_SWIFT_STANDARD_LIBRARIES = YES;
				BUNDLE_LOADER = "$(TEST_HOST)";
				"CODE_SIGN_IDENTITY[sdk=macosx*]" = "Apple Development";
				CODE_SIGN_STYLE = Automatic;
				DEVELOPMENT_TEAM = WFP7XFVDQT;
				INFOPLIST_FILE = "MC3-17Tests/Info.plist";
				IPHONEOS_DEPLOYMENT_TARGET = 13.6;
				LD_RUNPATH_SEARCH_PATHS = (
					"$(inherited)",
					"@executable_path/Frameworks",
					"@loader_path/Frameworks",
				);
				PRODUCT_BUNDLE_IDENTIFIER = "com.sherwinyang.MC3-17Tests";
				PRODUCT_NAME = "$(TARGET_NAME)";
				SWIFT_VERSION = 5.0;
				TARGETED_DEVICE_FAMILY = "1,2";
				TEST_HOST = "$(BUILT_PRODUCTS_DIR)/MC3-17.app/MC3-17";
			};
			name = Debug;
		};
		21AA705C24C58CE800DA35F6 /* Release */ = {
			isa = XCBuildConfiguration;
			buildSettings = {
				ALWAYS_EMBED_SWIFT_STANDARD_LIBRARIES = YES;
				BUNDLE_LOADER = "$(TEST_HOST)";
				"CODE_SIGN_IDENTITY[sdk=macosx*]" = "Apple Development";
				CODE_SIGN_STYLE = Automatic;
				DEVELOPMENT_TEAM = WFP7XFVDQT;
				INFOPLIST_FILE = "MC3-17Tests/Info.plist";
				IPHONEOS_DEPLOYMENT_TARGET = 13.6;
				LD_RUNPATH_SEARCH_PATHS = (
					"$(inherited)",
					"@executable_path/Frameworks",
					"@loader_path/Frameworks",
				);
				PRODUCT_BUNDLE_IDENTIFIER = "com.sherwinyang.MC3-17Tests";
				PRODUCT_NAME = "$(TARGET_NAME)";
				SWIFT_VERSION = 5.0;
				TARGETED_DEVICE_FAMILY = "1,2";
				TEST_HOST = "$(BUILT_PRODUCTS_DIR)/MC3-17.app/MC3-17";
			};
			name = Release;
		};
		21AA705E24C58CE800DA35F6 /* Debug */ = {
			isa = XCBuildConfiguration;
			buildSettings = {
				ALWAYS_EMBED_SWIFT_STANDARD_LIBRARIES = YES;
				CODE_SIGN_STYLE = Automatic;
				DEVELOPMENT_TEAM = WFP7XFVDQT;
				INFOPLIST_FILE = "MC3-17UITests/Info.plist";
				LD_RUNPATH_SEARCH_PATHS = (
					"$(inherited)",
					"@executable_path/Frameworks",
					"@loader_path/Frameworks",
				);
				PRODUCT_BUNDLE_IDENTIFIER = "com.sherwinyang.MC3-17UITests";
				PRODUCT_NAME = "$(TARGET_NAME)";
				SWIFT_VERSION = 5.0;
				TARGETED_DEVICE_FAMILY = "1,2";
				TEST_TARGET_NAME = "MC3-17";
			};
			name = Debug;
		};
		21AA705F24C58CE800DA35F6 /* Release */ = {
			isa = XCBuildConfiguration;
			buildSettings = {
				ALWAYS_EMBED_SWIFT_STANDARD_LIBRARIES = YES;
				CODE_SIGN_STYLE = Automatic;
				DEVELOPMENT_TEAM = WFP7XFVDQT;
				INFOPLIST_FILE = "MC3-17UITests/Info.plist";
				LD_RUNPATH_SEARCH_PATHS = (
					"$(inherited)",
					"@executable_path/Frameworks",
					"@loader_path/Frameworks",
				);
				PRODUCT_BUNDLE_IDENTIFIER = "com.sherwinyang.MC3-17UITests";
				PRODUCT_NAME = "$(TARGET_NAME)";
				SWIFT_VERSION = 5.0;
				TARGETED_DEVICE_FAMILY = "1,2";
				TEST_TARGET_NAME = "MC3-17";
			};
			name = Release;
		};
/* End XCBuildConfiguration section */

/* Begin XCConfigurationList section */
		2195699224D2FB1500116F59 /* Build configuration list for PBXNativeTarget "MC3-17-WatchApp Extension" */ = {
			isa = XCConfigurationList;
			buildConfigurations = (
				2195699024D2FB1500116F59 /* Debug */,
				2195699124D2FB1500116F59 /* Release */,
			);
			defaultConfigurationIsVisible = 0;
			defaultConfigurationName = Release;
		};
		2195699324D2FB1500116F59 /* Build configuration list for PBXNativeTarget "MC3-17-WatchApp" */ = {
			isa = XCConfigurationList;
			buildConfigurations = (
				2195698D24D2FB1500116F59 /* Debug */,
				2195698E24D2FB1500116F59 /* Release */,
			);
			defaultConfigurationIsVisible = 0;
			defaultConfigurationName = Release;
		};
		21AA702524C58CE600DA35F6 /* Build configuration list for PBXProject "MC3-17" */ = {
			isa = XCConfigurationList;
			buildConfigurations = (
				21AA705524C58CE800DA35F6 /* Debug */,
				21AA705624C58CE800DA35F6 /* Release */,
			);
			defaultConfigurationIsVisible = 0;
			defaultConfigurationName = Release;
		};
		21AA705724C58CE800DA35F6 /* Build configuration list for PBXNativeTarget "MC3-17" */ = {
			isa = XCConfigurationList;
			buildConfigurations = (
				21AA705824C58CE800DA35F6 /* Debug */,
				21AA705924C58CE800DA35F6 /* Release */,
			);
			defaultConfigurationIsVisible = 0;
			defaultConfigurationName = Release;
		};
		21AA705A24C58CE800DA35F6 /* Build configuration list for PBXNativeTarget "MC3-17Tests" */ = {
			isa = XCConfigurationList;
			buildConfigurations = (
				21AA705B24C58CE800DA35F6 /* Debug */,
				21AA705C24C58CE800DA35F6 /* Release */,
			);
			defaultConfigurationIsVisible = 0;
			defaultConfigurationName = Release;
		};
		21AA705D24C58CE800DA35F6 /* Build configuration list for PBXNativeTarget "MC3-17UITests" */ = {
			isa = XCConfigurationList;
			buildConfigurations = (
				21AA705E24C58CE800DA35F6 /* Debug */,
				21AA705F24C58CE800DA35F6 /* Release */,
			);
			defaultConfigurationIsVisible = 0;
			defaultConfigurationName = Release;
		};
/* End XCConfigurationList section */

/* Begin XCVersionGroup section */
		21AA703624C58CE600DA35F6 /* MC3_17.xcdatamodeld */ = {
			isa = XCVersionGroup;
			children = (
				21AA703724C58CE600DA35F6 /* MC3_17.xcdatamodel */,
			);
			currentVersion = 21AA703724C58CE600DA35F6 /* MC3_17.xcdatamodel */;
			path = MC3_17.xcdatamodeld;
			sourceTree = "<group>";
			versionGroupType = wrapper.xcdatamodel;
		};
/* End XCVersionGroup section */
	};
	rootObject = 21AA702224C58CE600DA35F6 /* Project object */;
}
